{
  "name": "Light the Way",
  "lockfileVersion": 2,
  "requires": true,
  "packages": {
    "": {
      "dependencies": {
        "csv": "^6.2.5",
        "csv-parse": "^5.3.3",
        "papaparse": "^5.3.2",
        "parse": "^3.5.1"
      }
    },
    "node_modules/@babel/runtime": {
      "version": "7.18.0",
      "resolved": "https://registry.npmjs.org/@babel/runtime/-/runtime-7.18.0.tgz",
      "integrity": "sha512-YMQvx/6nKEaucl0MY56mwIG483xk8SDNdlUwb2Ts6FUpr7fm85DxEmsY18LXBNhcTz6tO6JwZV8w1W06v8UKeg==",
      "dependencies": {
        "regenerator-runtime": "^0.13.4"
      },
      "engines": {
        "node": ">=6.9.0"
      }
    },
    "node_modules/@babel/runtime-corejs3": {
      "version": "7.17.8",
      "resolved": "https://registry.npmjs.org/@babel/runtime-corejs3/-/runtime-corejs3-7.17.8.tgz",
      "integrity": "sha512-ZbYSUvoSF6dXZmMl/CYTMOvzIFnbGfv4W3SEHYgMvNsFTeLaF2gkGAF4K2ddmtSK4Emej+0aYcnSC6N5dPCXUQ==",
      "dependencies": {
        "core-js-pure": "^3.20.2",
        "regenerator-runtime": "^0.13.4"
      },
      "engines": {
        "node": ">=6.9.0"
      }
    },
    "node_modules/core-js-pure": {
      "version": "3.27.1",
      "resolved": "https://registry.npmjs.org/core-js-pure/-/core-js-pure-3.27.1.tgz",
      "integrity": "sha512-BS2NHgwwUppfeoqOXqi08mUqS5FiZpuRuJJpKsaME7kJz0xxuk0xkhDdfMIlP/zLa80krBqss1LtD7f889heAw==",
      "hasInstallScript": true,
      "funding": {
        "type": "opencollective",
        "url": "https://opencollective.com/core-js"
      }
    },
    "node_modules/crypto-js": {
      "version": "4.1.1",
      "resolved": "https://registry.npmjs.org/crypto-js/-/crypto-js-4.1.1.tgz",
      "integrity": "sha512-o2JlM7ydqd3Qk9CA0L4NL6mTzU2sdx96a+oOfPu8Mkl/PK51vSyoi8/rQ8NknZtk44vq15lmhAj9CIAGwgeWKw==",
      "optional": true
    },
    "node_modules/csv": {
      "version": "6.2.5",
      "resolved": "https://registry.npmjs.org/csv/-/csv-6.2.5.tgz",
      "integrity": "sha512-T+K0H7MIrlrnP6KxYKo3lK+uLl6OC2Gmwdd81TG/VdkhKvpatl35sR7tyRSpDLGl22y2T+q9KvNHnVtn4OAscQ==",
      "dependencies": {
        "csv-generate": "^4.2.1",
        "csv-parse": "^5.3.3",
        "csv-stringify": "^6.2.3",
        "stream-transform": "^3.2.1"
      },
      "engines": {
        "node": ">= 0.1.90"
      }
    },
    "node_modules/csv-generate": {
      "version": "4.2.1",
      "resolved": "https://registry.npmjs.org/csv-generate/-/csv-generate-4.2.1.tgz",
      "integrity": "sha512-w6GFHjvApv6bcJ2xdi9JGsH6ZvUBfC+vUdfefnEzurXG6hMRwzkBLnhztU2H7v7+zfCk1I/knnQ+tGbgpxWrBw=="
    },
    "node_modules/csv-parse": {
      "version": "5.3.3",
      "resolved": "https://registry.npmjs.org/csv-parse/-/csv-parse-5.3.3.tgz",
      "integrity": "sha512-kEWkAPleNEdhFNkHQpFHu9RYPogsFj3dx6bCxL847fsiLgidzWg0z/O0B1kVWMJUc5ky64zGp18LX2T3DQrOfw=="
    },
    "node_modules/csv-stringify": {
      "version": "6.2.3",
      "resolved": "https://registry.npmjs.org/csv-stringify/-/csv-stringify-6.2.3.tgz",
      "integrity": "sha512-4qGjUMwnlaRc00gc2jrIYh2w/h1fo25B0mTuY9K8fBiIgtmCX3LcgUbrEGViL98Ci4Se/F5LFEtu8k+dItJVZQ=="
    },
    "node_modules/idb-keyval": {
      "version": "6.0.3",
      "resolved": "https://registry.npmjs.org/idb-keyval/-/idb-keyval-6.0.3.tgz",
      "integrity": "sha512-yh8V7CnE6EQMu9YDwQXhRxwZh4nv+8xm/HV4ZqK4IiYFJBWYGjJuykADJbSP+F/GDXUBwCSSNn/14IpGL81TuA==",
      "dependencies": {
        "safari-14-idb-fix": "^3.0.0"
      }
    },
    "node_modules/papaparse": {
      "version": "5.3.2",
      "resolved": "https://registry.npmjs.org/papaparse/-/papaparse-5.3.2.tgz",
      "integrity": "sha512-6dNZu0Ki+gyV0eBsFKJhYr+MdQYAzFUGlBMNj3GNrmHxmz1lfRa24CjFObPXtjcetlOv5Ad299MhIK0znp3afw=="
    },
    "node_modules/parse": {
      "version": "3.5.1",
      "resolved": "https://registry.npmjs.org/parse/-/parse-3.5.1.tgz",
      "integrity": "sha512-uxkLVNfbqgZ/pStg/jIQGh09tOUkPZorzDIqz9vSFjZ3iIZzgvNk6VBbjXjcMWsR8LyFPOR1ROR6/y9Dedn3/w==",
      "dependencies": {
        "@babel/runtime": "7.18.0",
        "@babel/runtime-corejs3": "7.17.8",
        "idb-keyval": "6.0.3",
        "react-native-crypto-js": "1.0.0",
        "uuid": "3.4.0",
        "ws": "8.6.0",
        "xmlhttprequest": "1.8.0"
      },
      "optionalDependencies": {
        "crypto-js": "4.1.1"
      }
    },
    "node_modules/react-native-crypto-js": {
      "version": "1.0.0",
      "resolved": "https://registry.npmjs.org/react-native-crypto-js/-/react-native-crypto-js-1.0.0.tgz",
      "integrity": "sha512-FNbLuG/HAdapQoybeZSoes1PWdOj0w242gb+e1R0hicf3Gyj/Mf8M9NaED2AnXVOX01b2FXomwUiw1xP1K+8sA=="
    },
    "node_modules/regenerator-runtime": {
      "version": "0.13.11",
      "resolved": "https://registry.npmjs.org/regenerator-runtime/-/regenerator-runtime-0.13.11.tgz",
      "integrity": "sha512-kY1AZVr2Ra+t+piVaJ4gxaFaReZVH40AKNo7UCX6W+dEwBo/2oZJzqfuN1qLq1oL45o56cPaTXELwrTh8Fpggg=="
    },
    "node_modules/safari-14-idb-fix": {
      "version": "3.0.0",
      "resolved": "https://registry.npmjs.org/safari-14-idb-fix/-/safari-14-idb-fix-3.0.0.tgz",
      "integrity": "sha512-eBNFLob4PMq8JA1dGyFn6G97q3/WzNtFK4RnzT1fnLq+9RyrGknzYiM/9B12MnKAxuj1IXr7UKYtTNtjyKMBog=="
    },
    "node_modules/stream-transform": {
      "version": "3.2.1",
      "resolved": "https://registry.npmjs.org/stream-transform/-/stream-transform-3.2.1.tgz",
      "integrity": "sha512-ApK+WTJ5bCOf0A2tlec1qhvr8bGEBM/sgXXB7mysdCYgZJO5DZeaV3h3G+g0HnAQ372P5IhiGqnW29zoLOfTzQ=="
    },
    "node_modules/uuid": {
      "version": "3.4.0",
      "resolved": "https://registry.npmjs.org/uuid/-/uuid-3.4.0.tgz",
      "integrity": "sha512-HjSDRw6gZE5JMggctHBcjVak08+KEVhSIiDzFnT9S9aegmp85S/bReBVTb4QTFaRNptJ9kuYaNhnbNEOkbKb/A==",
      "deprecated": "Please upgrade  to version 7 or higher.  Older versions may use Math.random() in certain circumstances, which is known to be problematic.  See https://v8.dev/blog/math-random for details.",
      "bin": {
        "uuid": "bin/uuid"
      }
    },
    "node_modules/ws": {
      "version": "8.6.0",
      "resolved": "https://registry.npmjs.org/ws/-/ws-8.6.0.tgz",
      "integrity": "sha512-AzmM3aH3gk0aX7/rZLYvjdvZooofDu3fFOzGqcSnQ1tOcTWwhM/o+q++E8mAyVVIyUdajrkzWUGftaVSDLn1bw==",
      "engines": {
        "node": ">=10.0.0"
      },
      "peerDependencies": {
        "bufferutil": "^4.0.1",
        "utf-8-validate": "^5.0.2"
      },
      "peerDependenciesMeta": {
        "bufferutil": {
          "optional": true
        },
        "utf-8-validate": {
          "optional": true
        }
      }
    },
    "node_modules/xmlhttprequest": {
      "version": "1.8.0",
      "resolved": "https://registry.npmjs.org/xmlhttprequest/-/xmlhttprequest-1.8.0.tgz",
      "integrity": "sha512-58Im/U0mlVBLM38NdZjHyhuMtCqa61469k2YP/AaPbvCoV9aQGUpbJBj1QRm2ytRiVQBD/fsw7L2bJGDVQswBA==",
      "engines": {
        "node": ">=0.4.0"
      }
    }
  },
  "dependencies": {
    "@babel/runtime": {
      "version": "7.18.0",
      "resolved": "https://registry.npmjs.org/@babel/runtime/-/runtime-7.18.0.tgz",
      "integrity": "sha512-YMQvx/6nKEaucl0MY56mwIG483xk8SDNdlUwb2Ts6FUpr7fm85DxEmsY18LXBNhcTz6tO6JwZV8w1W06v8UKeg==",
      "requires": {
        "regenerator-runtime": "^0.13.4"
      }
    },
    "@babel/runtime-corejs3": {
      "version": "7.17.8",
      "resolved": "https://registry.npmjs.org/@babel/runtime-corejs3/-/runtime-corejs3-7.17.8.tgz",
      "integrity": "sha512-ZbYSUvoSF6dXZmMl/CYTMOvzIFnbGfv4W3SEHYgMvNsFTeLaF2gkGAF4K2ddmtSK4Emej+0aYcnSC6N5dPCXUQ==",
      "requires": {
        "core-js-pure": "^3.20.2",
        "regenerator-runtime": "^0.13.4"
      }
    },
    "core-js-pure": {
      "version": "3.27.1",
      "resolved": "https://registry.npmjs.org/core-js-pure/-/core-js-pure-3.27.1.tgz",
      "integrity": "sha512-BS2NHgwwUppfeoqOXqi08mUqS5FiZpuRuJJpKsaME7kJz0xxuk0xkhDdfMIlP/zLa80krBqss1LtD7f889heAw=="
    },
    "crypto-js": {
      "version": "4.1.1",
      "resolved": "https://registry.npmjs.org/crypto-js/-/crypto-js-4.1.1.tgz",
      "integrity": "sha512-o2JlM7ydqd3Qk9CA0L4NL6mTzU2sdx96a+oOfPu8Mkl/PK51vSyoi8/rQ8NknZtk44vq15lmhAj9CIAGwgeWKw==",
      "optional": true
    },
    "csv": {
      "version": "6.2.5",
      "resolved": "https://registry.npmjs.org/csv/-/csv-6.2.5.tgz",
      "integrity": "sha512-T+K0H7MIrlrnP6KxYKo3lK+uLl6OC2Gmwdd81TG/VdkhKvpatl35sR7tyRSpDLGl22y2T+q9KvNHnVtn4OAscQ==",
      "requires": {
        "csv-generate": "^4.2.1",
        "csv-parse": "^5.3.3",
        "csv-stringify": "^6.2.3",
        "stream-transform": "^3.2.1"
      }
    },
    "csv-generate": {
      "version": "4.2.1",
      "resolved": "https://registry.npmjs.org/csv-generate/-/csv-generate-4.2.1.tgz",
      "integrity": "sha512-w6GFHjvApv6bcJ2xdi9JGsH6ZvUBfC+vUdfefnEzurXG6hMRwzkBLnhztU2H7v7+zfCk1I/knnQ+tGbgpxWrBw=="
    },
    "csv-parse": {
      "version": "5.3.3",
      "resolved": "https://registry.npmjs.org/csv-parse/-/csv-parse-5.3.3.tgz",
      "integrity": "sha512-kEWkAPleNEdhFNkHQpFHu9RYPogsFj3dx6bCxL847fsiLgidzWg0z/O0B1kVWMJUc5ky64zGp18LX2T3DQrOfw=="
    },
    "csv-stringify": {
      "version": "6.2.3",
      "resolved": "https://registry.npmjs.org/csv-stringify/-/csv-stringify-6.2.3.tgz",
      "integrity": "sha512-4qGjUMwnlaRc00gc2jrIYh2w/h1fo25B0mTuY9K8fBiIgtmCX3LcgUbrEGViL98Ci4Se/F5LFEtu8k+dItJVZQ=="
    },
    "idb-keyval": {
      "version": "6.0.3",
      "resolved": "https://registry.npmjs.org/idb-keyval/-/idb-keyval-6.0.3.tgz",
      "integrity": "sha512-yh8V7CnE6EQMu9YDwQXhRxwZh4nv+8xm/HV4ZqK4IiYFJBWYGjJuykADJbSP+F/GDXUBwCSSNn/14IpGL81TuA==",
      "requires": {
        "safari-14-idb-fix": "^3.0.0"
      }
    },
    "papaparse": {
      "version": "5.3.2",
      "resolved": "https://registry.npmjs.org/papaparse/-/papaparse-5.3.2.tgz",
      "integrity": "sha512-6dNZu0Ki+gyV0eBsFKJhYr+MdQYAzFUGlBMNj3GNrmHxmz1lfRa24CjFObPXtjcetlOv5Ad299MhIK0znp3afw=="
    },
    "parse": {
      "version": "3.5.1",
      "resolved": "https://registry.npmjs.org/parse/-/parse-3.5.1.tgz",
      "integrity": "sha512-uxkLVNfbqgZ/pStg/jIQGh09tOUkPZorzDIqz9vSFjZ3iIZzgvNk6VBbjXjcMWsR8LyFPOR1ROR6/y9Dedn3/w==",
      "requires": {
        "@babel/runtime": "7.18.0",
        "@babel/runtime-corejs3": "7.17.8",
        "crypto-js": "4.1.1",
        "idb-keyval": "6.0.3",
        "react-native-crypto-js": "1.0.0",
        "uuid": "3.4.0",
        "ws": "8.6.0",
        "xmlhttprequest": "1.8.0"
      }
    },
    "react-native-crypto-js": {
      "version": "1.0.0",
      "resolved": "https://registry.npmjs.org/react-native-crypto-js/-/react-native-crypto-js-1.0.0.tgz",
      "integrity": "sha512-FNbLuG/HAdapQoybeZSoes1PWdOj0w242gb+e1R0hicf3Gyj/Mf8M9NaED2AnXVOX01b2FXomwUiw1xP1K+8sA=="
    },
    "regenerator-runtime": {
      "version": "0.13.11",
      "resolved": "https://registry.npmjs.org/regenerator-runtime/-/regenerator-runtime-0.13.11.tgz",
      "integrity": "sha512-kY1AZVr2Ra+t+piVaJ4gxaFaReZVH40AKNo7UCX6W+dEwBo/2oZJzqfuN1qLq1oL45o56cPaTXELwrTh8Fpggg=="
    },
    "safari-14-idb-fix": {
      "version": "3.0.0",
      "resolved": "https://registry.npmjs.org/safari-14-idb-fix/-/safari-14-idb-fix-3.0.0.tgz",
      "integrity": "sha512-eBNFLob4PMq8JA1dGyFn6G97q3/WzNtFK4RnzT1fnLq+9RyrGknzYiM/9B12MnKAxuj1IXr7UKYtTNtjyKMBog=="
    },
    "stream-transform": {
      "version": "3.2.1",
      "resolved": "https://registry.npmjs.org/stream-transform/-/stream-transform-3.2.1.tgz",
      "integrity": "sha512-ApK+WTJ5bCOf0A2tlec1qhvr8bGEBM/sgXXB7mysdCYgZJO5DZeaV3h3G+g0HnAQ372P5IhiGqnW29zoLOfTzQ=="
    },
    "uuid": {
      "version": "3.4.0",
      "resolved": "https://registry.npmjs.org/uuid/-/uuid-3.4.0.tgz",
      "integrity": "sha512-HjSDRw6gZE5JMggctHBcjVak08+KEVhSIiDzFnT9S9aegmp85S/bReBVTb4QTFaRNptJ9kuYaNhnbNEOkbKb/A=="
    },
    "ws": {
      "version": "8.6.0",
      "resolved": "https://registry.npmjs.org/ws/-/ws-8.6.0.tgz",
      "integrity": "sha512-AzmM3aH3gk0aX7/rZLYvjdvZooofDu3fFOzGqcSnQ1tOcTWwhM/o+q++E8mAyVVIyUdajrkzWUGftaVSDLn1bw==",
      "requires": {}
    },
    "xmlhttprequest": {
      "version": "1.8.0",
      "resolved": "https://registry.npmjs.org/xmlhttprequest/-/xmlhttprequest-1.8.0.tgz",
      "integrity": "sha512-58Im/U0mlVBLM38NdZjHyhuMtCqa61469k2YP/AaPbvCoV9aQGUpbJBj1QRm2ytRiVQBD/fsw7L2bJGDVQswBA=="
    }
  }
}
